// !$*UTF8*$!
{
	archiveVersion = 1;
	classes = {
	};
	objectVersion = 46;
	objects = {

/* Begin PBXBuildFile section */
		C34F02B31A61965200469892 /* AppDelegate.swift in Sources */ = {isa = PBXBuildFile; fileRef = C34F02B21A61965200469892 /* AppDelegate.swift */; };
		C34F02BA1A61965200469892 /* Main.storyboard in Resources */ = {isa = PBXBuildFile; fileRef = C34F02B81A61965200469892 /* Main.storyboard */; };
		C34F02BC1A61965200469892 /* Images.xcassets in Resources */ = {isa = PBXBuildFile; fileRef = C34F02BB1A61965200469892 /* Images.xcassets */; };
		C34F02BF1A61965200469892 /* LaunchScreen.xib in Resources */ = {isa = PBXBuildFile; fileRef = C34F02BD1A61965200469892 /* LaunchScreen.xib */; };
		C34F02CB1A61965200469892 /* WeatherDemoTests.swift in Sources */ = {isa = PBXBuildFile; fileRef = C34F02CA1A61965200469892 /* WeatherDemoTests.swift */; };
		C34F02D51A619AC000469892 /* WeatherViewController.swift in Sources */ = {isa = PBXBuildFile; fileRef = C34F02D41A619AC000469892 /* WeatherViewController.swift */; };
		C34F02D71A619B5400469892 /* CoreLocation.framework in Frameworks */ = {isa = PBXBuildFile; fileRef = C34F02D61A619B5400469892 /* CoreLocation.framework */; };
		C34F02D91A61D35700469892 /* CoreBluetooth.framework in Frameworks */ = {isa = PBXBuildFile; fileRef = C34F02D81A61D35700469892 /* CoreBluetooth.framework */; };
		C34F02DD1A61DDD200469892 /* GameKit.framework in Frameworks */ = {isa = PBXBuildFile; fileRef = C34F02DC1A61DDD200469892 /* GameKit.framework */; };
/* End PBXBuildFile section */

/* Begin PBXContainerItemProxy section */
		C34F02C51A61965200469892 /* PBXContainerItemProxy */ = {
			isa = PBXContainerItemProxy;
			containerPortal = C34F02A51A61965200469892 /* Project object */;
			proxyType = 1;
			remoteGlobalIDString = C34F02AC1A61965200469892;
			remoteInfo = WeatherDemo;
		};
/* End PBXContainerItemProxy section */

/* Begin PBXFileReference section */
		C34F02AD1A61965200469892 /* WeatherDemo.app */ = {isa = PBXFileReference; explicitFileType = wrapper.application; includeInIndex = 0; path = WeatherDemo.app; sourceTree = BUILT_PRODUCTS_DIR; };
		C34F02B11A61965200469892 /* Info.plist */ = {isa = PBXFileReference; lastKnownFileType = text.plist.xml; path = Info.plist; sourceTree = "<group>"; };
		C34F02B21A61965200469892 /* AppDelegate.swift */ = {isa = PBXFileReference; lastKnownFileType = sourcecode.swift; path = AppDelegate.swift; sourceTree = "<group>"; };
		C34F02B91A61965200469892 /* Base */ = {isa = PBXFileReference; lastKnownFileType = file.storyboard; name = Base; path = Base.lproj/Main.storyboard; sourceTree = "<group>"; };
		C34F02BB1A61965200469892 /* Images.xcassets */ = {isa = PBXFileReference; lastKnownFileType = folder.assetcatalog; path = Images.xcassets; sourceTree = "<group>"; };
		C34F02BE1A61965200469892 /* Base */ = {isa = PBXFileReference; lastKnownFileType = file.xib; name = Base; path = Base.lproj/LaunchScreen.xib; sourceTree = "<group>"; };
		C34F02C41A61965200469892 /* WeatherDemoTests.xctest */ = {isa = PBXFileReference; explicitFileType = wrapper.cfbundle; includeInIndex = 0; path = WeatherDemoTests.xctest; sourceTree = BUILT_PRODUCTS_DIR; };
		C34F02C91A61965200469892 /* Info.plist */ = {isa = PBXFileReference; lastKnownFileType = text.plist.xml; path = Info.plist; sourceTree = "<group>"; };
		C34F02CA1A61965200469892 /* WeatherDemoTests.swift */ = {isa = PBXFileReference; lastKnownFileType = sourcecode.swift; path = WeatherDemoTests.swift; sourceTree = "<group>"; };
		C34F02D41A619AC000469892 /* WeatherViewController.swift */ = {isa = PBXFileReference; fileEncoding = 4; lastKnownFileType = sourcecode.swift; path = WeatherViewController.swift; sourceTree = "<group>"; };
		C34F02D61A619B5400469892 /* CoreLocation.framework */ = {isa = PBXFileReference; lastKnownFileType = wrapper.framework; name = CoreLocation.framework; path = System/Library/Frameworks/CoreLocation.framework; sourceTree = SDKROOT; };
		C34F02D81A61D35700469892 /* CoreBluetooth.framework */ = {isa = PBXFileReference; lastKnownFileType = wrapper.framework; name = CoreBluetooth.framework; path = System/Library/Frameworks/CoreBluetooth.framework; sourceTree = SDKROOT; };
		C34F02DC1A61DDD200469892 /* GameKit.framework */ = {isa = PBXFileReference; lastKnownFileType = wrapper.framework; name = GameKit.framework; path = System/Library/Frameworks/GameKit.framework; sourceTree = SDKROOT; };
/* End PBXFileReference section */

/* Begin PBXFrameworksBuildPhase section */
		C34F02AA1A61965200469892 /* Frameworks */ = {
			isa = PBXFrameworksBuildPhase;
			buildActionMask = 2147483647;
			files = (
				C34F02DD1A61DDD200469892 /* GameKit.framework in Frameworks */,
				C34F02D91A61D35700469892 /* CoreBluetooth.framework in Frameworks */,
				C34F02D71A619B5400469892 /* CoreLocation.framework in Frameworks */,
			);
			runOnlyForDeploymentPostprocessing = 0;
		};
		C34F02C11A61965200469892 /* Frameworks */ = {
			isa = PBXFrameworksBuildPhase;
			buildActionMask = 2147483647;
			files = (
			);
			runOnlyForDeploymentPostprocessing = 0;
		};
/* End PBXFrameworksBuildPhase section */

/* Begin PBXGroup section */
		C34F02A41A61965200469892 = {
			isa = PBXGroup;
			children = (
				C34F02DC1A61DDD200469892 /* GameKit.framework */,
				C34F02D81A61D35700469892 /* CoreBluetooth.framework */,
				C34F02D61A619B5400469892 /* CoreLocation.framework */,
				C34F02AF1A61965200469892 /* WeatherDemo */,
				C34F02C71A61965200469892 /* WeatherDemoTests */,
				C34F02AE1A61965200469892 /* Products */,
			);
			sourceTree = "<group>";
		};
		C34F02AE1A61965200469892 /* Products */ = {
			isa = PBXGroup;
			children = (
				C34F02AD1A61965200469892 /* WeatherDemo.app */,
				C34F02C41A61965200469892 /* WeatherDemoTests.xctest */,
			);
			name = Products;
			sourceTree = "<group>";
		};
		C34F02AF1A61965200469892 /* WeatherDemo */ = {
			isa = PBXGroup;
			children = (
				C34F02B21A61965200469892 /* AppDelegate.swift */,
				C34F02B81A61965200469892 /* Main.storyboard */,
				C34F02D41A619AC000469892 /* WeatherViewController.swift */,
				C34F02BB1A61965200469892 /* Images.xcassets */,
				C34F02BD1A61965200469892 /* LaunchScreen.xib */,
				C34F02B01A61965200469892 /* Supporting Files */,
			);
			path = WeatherDemo;
			sourceTree = "<group>";
		};
		C34F02B01A61965200469892 /* Supporting Files */ = {
			isa = PBXGroup;
			children = (
				C34F02B11A61965200469892 /* Info.plist */,
			);
			name = "Supporting Files";
			sourceTree = "<group>";
		};
		C34F02C71A61965200469892 /* WeatherDemoTests */ = {
			isa = PBXGroup;
			children = (
				C34F02CA1A61965200469892 /* WeatherDemoTests.swift */,
				C34F02C81A61965200469892 /* Supporting Files */,
			);
			path = WeatherDemoTests;
			sourceTree = "<group>";
		};
		C34F02C81A61965200469892 /* Supporting Files */ = {
			isa = PBXGroup;
			children = (
				C34F02C91A61965200469892 /* Info.plist */,
			);
			name = "Supporting Files";
			sourceTree = "<group>";
		};
/* End PBXGroup section */

/* Begin PBXNativeTarget section */
		C34F02AC1A61965200469892 /* WeatherDemo */ = {
			isa = PBXNativeTarget;
			buildConfigurationList = C34F02CE1A61965200469892 /* Build configuration list for PBXNativeTarget "WeatherDemo" */;
			buildPhases = (
				C34F02A91A61965200469892 /* Sources */,
				C34F02AA1A61965200469892 /* Frameworks */,
				C34F02AB1A61965200469892 /* Resources */,
			);
			buildRules = (
			);
			dependencies = (
			);
			name = WeatherDemo;
			productName = WeatherDemo;
			productReference = C34F02AD1A61965200469892 /* WeatherDemo.app */;
			productType = "com.apple.product-type.application";
		};
		C34F02C31A61965200469892 /* WeatherDemoTests */ = {
			isa = PBXNativeTarget;
			buildConfigurationList = C34F02D11A61965200469892 /* Build configuration list for PBXNativeTarget "WeatherDemoTests" */;
			buildPhases = (
				C34F02C01A61965200469892 /* Sources */,
				C34F02C11A61965200469892 /* Frameworks */,
				C34F02C21A61965200469892 /* Resources */,
			);
			buildRules = (
			);
			dependencies = (
				C34F02C61A61965200469892 /* PBXTargetDependency */,
			);
			name = WeatherDemoTests;
			productName = WeatherDemoTests;
			productReference = C34F02C41A61965200469892 /* WeatherDemoTests.xctest */;
			productType = "com.apple.product-type.bundle.unit-test";
		};
/* End PBXNativeTarget section */

/* Begin PBXProject section */
		C34F02A51A61965200469892 /* Project object */ = {
			isa = PBXProject;
			attributes = {
				LastUpgradeCheck = 0610;
				ORGANIZATIONNAME = TIEKLE;
				TargetAttributes = {
					C34F02AC1A61965200469892 = {
						CreatedOnToolsVersion = 6.1.1;
					};
					C34F02C31A61965200469892 = {
						CreatedOnToolsVersion = 6.1.1;
						TestTargetID = C34F02AC1A61965200469892;
					};
				};
			};
			buildConfigurationList = C34F02A81A61965200469892 /* Build configuration list for PBXProject "WeatherDemo" */;
			compatibilityVersion = "Xcode 3.2";
			developmentRegion = English;
			hasScannedForEncodings = 0;
			knownRegions = (
				en,
				Base,
			);
			mainGroup = C34F02A41A61965200469892;
			productRefGroup = C34F02AE1A61965200469892 /* Products */;
			projectDirPath = "";
			projectRoot = "";
			targets = (
				C34F02AC1A61965200469892 /* WeatherDemo */,
				C34F02C31A61965200469892 /* WeatherDemoTests */,
			);
		};
/* End PBXProject section */

/* Begin PBXResourcesBuildPhase section */
		C34F02AB1A61965200469892 /* Resources */ = {
			isa = PBXResourcesBuildPhase;
			buildActionMask = 2147483647;
			files = (
				C34F02BA1A61965200469892 /* Main.storyboard in Resources */,
				C34F02BF1A61965200469892 /* LaunchScreen.xib in Resources */,
				C34F02BC1A61965200469892 /* Images.xcassets in Resources */,
			);
			runOnlyForDeploymentPostprocessing = 0;
		};
		C34F02C21A61965200469892 /* Resources */ = {
			isa = PBXResourcesBuildPhase;
			buildActionMask = 2147483647;
			files = (
			);
			runOnlyForDeploymentPostprocessing = 0;
		};
/* End PBXResourcesBuildPhase section */

/* Begin PBXSourcesBuildPhase section */
		C34F02A91A61965200469892 /* Sources */ = {
			isa = PBXSourcesBuildPhase;
			buildActionMask = 2147483647;
			files = (
				C34F02D51A619AC000469892 /* WeatherViewController.swift in Sources */,
				C34F02B31A61965200469892 /* AppDelegate.swift in Sources */,
			);
			runOnlyForDeploymentPostprocessing = 0;
		};
		C34F02C01A61965200469892 /* Sources */ = {
			isa = PBXSourcesBuildPhase;
			buildActionMask = 2147483647;
			files = (
				C34F02CB1A61965200469892 /* WeatherDemoTests.swift in Sources */,
			);
			runOnlyForDeploymentPostprocessing = 0;
		};
/* End PBXSourcesBuildPhase section */

/* Begin PBXTargetDependency section */
		C34F02C61A61965200469892 /* PBXTargetDependency */ = {
			isa = PBXTargetDependency;
			target = C34F02AC1A61965200469892 /* WeatherDemo */;
			targetProxy = C34F02C51A61965200469892 /* PBXContainerItemProxy */;
		};
/* End PBXTargetDependency section */

/* Begin PBXVariantGroup section */
		C34F02B81A61965200469892 /* Main.storyboard */ = {
			isa = PBXVariantGroup;
			children = (
				C34F02B91A61965200469892 /* Base */,
			);
			name = Main.storyboard;
			sourceTree = "<group>";
		};
		C34F02BD1A61965200469892 /* LaunchScreen.xib */ = {
			isa = PBXVariantGroup;
			children = (
				C34F02BE1A61965200469892 /* Base */,
			);
			name = LaunchScreen.xib;
			sourceTree = "<group>";
		};
/* End PBXVariantGroup section */

/* Begin XCBuildConfiguration section */
		C34F02CC1A61965200469892 /* Debug */ = {
			isa = XCBuildConfiguration;
			buildSettings = {
				ALWAYS_SEARCH_USER_PATHS = NO;
				CLANG_CXX_LANGUAGE_STANDARD = "gnu++0x";
				CLANG_CXX_LIBRARY = "libc++";
				CLANG_ENABLE_MODULES = YES;
				CLANG_ENABLE_OBJC_ARC = YES;
				CLANG_WARN_BOOL_CONVERSION = YES;
				CLANG_WARN_CONSTANT_CONVERSION = YES;
				CLANG_WARN_DIRECT_OBJC_ISA_USAGE = YES_ERROR;
				CLANG_WARN_EMPTY_BODY = YES;
				CLANG_WARN_ENUM_CONVERSION = YES;
				CLANG_WARN_INT_CONVERSION = YES;
				CLANG_WARN_OBJC_ROOT_CLASS = YES_ERROR;
				CLANG_WARN_UNREACHABLE_CODE = YES;
				CLANG_WARN__DUPLICATE_METHOD_MATCH = YES;
				"CODE_SIGN_IDENTITY[sdk=iphoneos*]" = "iPhone Developer";
				COPY_PHASE_STRIP = NO;
				ENABLE_STRICT_OBJC_MSGSEND = YES;
				GCC_C_LANGUAGE_STANDARD = gnu99;
				GCC_DYNAMIC_NO_PIC = NO;
				GCC_OPTIMIZATION_LEVEL = 0;
				GCC_PREPROCESSOR_DEFINITIONS = (
					"DEBUG=1",
					"$(inherited)",
				);
				GCC_SYMBOLS_PRIVATE_EXTERN = NO;
				GCC_WARN_64_TO_32_BIT_CONVERSION = YES;
				GCC_WARN_ABOUT_RETURN_TYPE = YES_ERROR;
				GCC_WARN_UNDECLARED_SELECTOR = YES;
				GCC_WARN_UNINITIALIZED_AUTOS = YES_AGGRESSIVE;
				GCC_WARN_UNUSED_FUNCTION = YES;
				GCC_WARN_UNUSED_VARIABLE = YES;
				IPHONEOS_DEPLOYMENT_TARGET = 8.1;
				MTL_ENABLE_DEBUG_INFO = YES;
				ONLY_ACTIVE_ARCH = YES;
				SDKROOT = iphoneos;
				SWIFT_OPTIMIZATION_LEVEL = "-Onone";
			};
			name = Debug;
		};
		C34F02CD1A61965200469892 /* Release */ = {
			isa = XCBuildConfiguration;
			buildSettings = {
				ALWAYS_SEARCH_USER_PATHS = NO;
				CLANG_CXX_LANGUAGE_STANDARD = "gnu++0x";
				CLANG_CXX_LIBRARY = "libc++";
				CLANG_ENABLE_MODULES = YES;
				CLANG_ENABLE_OBJC_ARC = YES;
				CLANG_WARN_BOOL_CONVERSION = YES;
				CLANG_WARN_CONSTANT_CONVERSION = YES;
				CLANG_WARN_DIRECT_OBJC_ISA_USAGE = YES_ERROR;
				CLANG_WARN_EMPTY_BODY = YES;
				CLANG_WARN_ENUM_CONVERSION = YES;
				CLANG_WARN_INT_CONVERSION = YES;
				CLANG_WARN_OBJC_ROOT_CLASS = YES_ERROR;
				CLANG_WARN_UNREACHABLE_CODE = YES;
				CLANG_WARN__DUPLICATE_METHOD_MATCH = YES;
				"CODE_SIGN_IDENTITY[sdk=iphoneos*]" = "iPhone Developer";
				COPY_PHASE_STRIP = YES;
				ENABLE_NS_ASSERTIONS = NO;
				ENABLE_STRICT_OBJC_MSGSEND = YES;
				GCC_C_LANGUAGE_STANDARD = gnu99;
				GCC_WARN_64_TO_32_BIT_CONVERSION = YES;
				GCC_WARN_ABOUT_RETURN_TYPE = YES_ERROR;
				GCC_WARN_UNDECLARED_SELECTOR = YES;
				GCC_WARN_UNINITIALIZED_AUTOS = YES_AGGRESSIVE;
				GCC_WARN_UNUSED_FUNCTION = YES;
				GCC_WARN_UNUSED_VARIABLE = YES;
				IPHONEOS_DEPLOYMENT_TARGET = 8.1;
				MTL_ENABLE_DEBUG_INFO = NO;
				SDKROOT = iphoneos;
				VALIDATE_PRODUCT = YES;
			};
			name = Release;
		};
		C34F02CF1A61965200469892 /* Debug */ = {
			isa = XCBuildConfiguration;
			buildSettings = {
				ASSETCATALOG_COMPILER_APPICON_NAME = AppIcon;
				INFOPLIST_FILE = WeatherDemo/Info.plist;
				LD_RUNPATH_SEARCH_PATHS = "$(inherited) @executable_path/Frameworks";
				PRODUCT_NAME = "$(TARGET_NAME)";
			};
			name = Debug;
		};
		C34F02D01A61965200469892 /* Release */ = {
			isa = XCBuildConfiguration;
			buildSettings = {
				ASSETCATALOG_COMPILER_APPICON_NAME = AppIcon;
				INFOPLIST_FILE = WeatherDemo/Info.plist;
				LD_RUNPATH_SEARCH_PATHS = "$(inherited) @executable_path/Frameworks";
				PRODUCT_NAME = "$(TARGET_NAME)";
			};
			name = Release;
		};
		C34F02D21A61965200469892 /* Debug */ = {
			isa = XCBuildConfiguration;
			buildSettings = {
				BUNDLE_LOADER = "$(TEST_HOST)";
				FRAMEWORK_SEARCH_PATHS = (
					"$(SDKROOT)/Developer/Library/Frameworks",
					"$(inherited)",
				);
				GCC_PREPROCESSOR_DEFINITIONS = (
					"DEBUG=1",
					"$(inherited)",
				);
				INFOPLIST_FILE = WeatherDemoTests/Info.plist;
				LD_RUNPATH_SEARCH_PATHS = "$(inherited) @executable_path/Frameworks @loader_path/Frameworks";
				PRODUCT_NAME = "$(TARGET_NAME)";
				TEST_HOST = "$(BUILT_PRODUCTS_DIR)/WeatherDemo.app/WeatherDemo";
			};
			name = Debug;
		};
		C34F02D31A61965200469892 /* Release */ = {
			isa = XCBuildConfiguration;
			buildSettings = {
				BUNDLE_LOADER = "$(TEST_HOST)";
				FRAMEWORK_SEARCH_PATHS = (
					"$(SDKROOT)/Developer/Library/Frameworks",
					"$(inherited)",
				);
				INFOPLIST_FILE = WeatherDemoTests/Info.plist;
				LD_RUNPATH_SEARCH_PATHS = "$(inherited) @executable_path/Frameworks @loader_path/Frameworks";
				PRODUCT_NAME = "$(TARGET_NAME)";
				TEST_HOST = "$(BUILT_PRODUCTS_DIR)/WeatherDemo.app/WeatherDemo";
			};
			name = Release;
		};
/* End XCBuildConfiguration section */

/* Begin XCConfigurationList section */
		C34F02A81A61965200469892 /* Build configuration list for PBXProject "WeatherDemo" */ = {
			isa = XCConfigurationList;
			buildConfigurations = (
				C34F02CC1A61965200469892 /* Debug */,
				C34F02CD1A61965200469892 /* Release */,
			);
			defaultConfigurationIsVisible = 0;
			defaultConfigurationName = Release;
		};
		C34F02CE1A61965200469892 /* Build configuration list for PBXNativeTarget "WeatherDemo" */ = {
			isa = XCConfigurationList;
			buildConfigurations = (
				C34F02CF1A61965200469892 /* Debug */,
				C34F02D01A61965200469892 /* Release */,
			);
			defaultConfigurationIsVisible = 0;
		};
		C34F02D11A61965200469892 /* Build configuration list for PBXNativeTarget "WeatherDemoTests" */ = {
			isa = XCConfigurationList;
			buildConfigurations = (
				C34F02D21A61965200469892 /* Debug */,
				C34F02D31A61965200469892 /* Release */,
			);
			defaultConfigurationIsVisible = 0;
		};
/* End XCConfigurationList section */
	};
	rootObject = C34F02A51A61965200469892 /* Project object */;
}
